// !$*UTF8*$!
{
	archiveVersion = 1;
	classes = {
	};
	objectVersion = 55;
	objects = {

/* Begin PBXBuildFile section */
		190A643728C7BD9300BC69E2 /* AppDelegate.swift in Sources */ = {isa = PBXBuildFile; fileRef = 190A643628C7BD9300BC69E2 /* AppDelegate.swift */; };
		190A643928C7BD9300BC69E2 /* SceneDelegate.swift in Sources */ = {isa = PBXBuildFile; fileRef = 190A643828C7BD9300BC69E2 /* SceneDelegate.swift */; };
		190A643B28C7BD9300BC69E2 /* ViewController.swift in Sources */ = {isa = PBXBuildFile; fileRef = 190A643A28C7BD9300BC69E2 /* ViewController.swift */; };
		190A643E28C7BD9300BC69E2 /* Main.storyboard in Resources */ = {isa = PBXBuildFile; fileRef = 190A643C28C7BD9300BC69E2 /* Main.storyboard */; };
		190A644028C7BD9400BC69E2 /* Assets.xcassets in Resources */ = {isa = PBXBuildFile; fileRef = 190A643F28C7BD9400BC69E2 /* Assets.xcassets */; };
		190A644328C7BD9400BC69E2 /* LaunchScreen.storyboard in Resources */ = {isa = PBXBuildFile; fileRef = 190A644128C7BD9400BC69E2 /* LaunchScreen.storyboard */; };
		190A644E28C7BD9400BC69E2 /* FlixAppTests.swift in Sources */ = {isa = PBXBuildFile; fileRef = 190A644D28C7BD9400BC69E2 /* FlixAppTests.swift */; };
		190A645828C7BD9400BC69E2 /* FlixAppUITests.swift in Sources */ = {isa = PBXBuildFile; fileRef = 190A645728C7BD9400BC69E2 /* FlixAppUITests.swift */; };
		190A645A28C7BD9400BC69E2 /* FlixAppUITestsLaunchTests.swift in Sources */ = {isa = PBXBuildFile; fileRef = 190A645928C7BD9400BC69E2 /* FlixAppUITestsLaunchTests.swift */; };
		190A646728C7CD8800BC69E2 /* MovieCell.swift in Sources */ = {isa = PBXBuildFile; fileRef = 190A646628C7CD8800BC69E2 /* MovieCell.swift */; };
		190A646A28C7E9A700BC69E2 /* AlamofireImage in Frameworks */ = {isa = PBXBuildFile; productRef = 190A646928C7E9A700BC69E2 /* AlamofireImage */; };
		19167D4E28CEB6AE006DD821 /* MovieDetailViewController.swift in Sources */ = {isa = PBXBuildFile; fileRef = 19167D4D28CEB6AE006DD821 /* MovieDetailViewController.swift */; };
		199B986228CFF6BB00A6CA0F /* MovieGridViewController.swift in Sources */ = {isa = PBXBuildFile; fileRef = 199B986128CFF6BB00A6CA0F /* MovieGridViewController.swift */; };
		199B986828D01D3900A6CA0F /* MovieGridCell.swift in Sources */ = {isa = PBXBuildFile; fileRef = 199B986728D01D3900A6CA0F /* MovieGridCell.swift */; };
		2E3C50B8372BC6FC1E0D41B5 /* Pods_FlixAppTests.framework in Frameworks */ = {isa = PBXBuildFile; fileRef = 1508A1E70E60FE5BAE317895 /* Pods_FlixAppTests.framework */; };
		CC5097A8E210773631916FB0 /* Pods_FlixApp.framework in Frameworks */ = {isa = PBXBuildFile; fileRef = 098A044C7CE80C19CB68545A /* Pods_FlixApp.framework */; };
		F8CE10243811EB5FEB6ABA74 /* Pods_FlixApp_FlixAppUITests.framework in Frameworks */ = {isa = PBXBuildFile; fileRef = 29AEF8E84B6C444C4529A3D4 /* Pods_FlixApp_FlixAppUITests.framework */; };
/* End PBXBuildFile section */

/* Begin PBXContainerItemProxy section */
		190A644A28C7BD9400BC69E2 /* PBXContainerItemProxy */ = {
			isa = PBXContainerItemProxy;
			containerPortal = 190A642B28C7BD9300BC69E2 /* Project object */;
			proxyType = 1;
			remoteGlobalIDString = 190A643228C7BD9300BC69E2;
			remoteInfo = FlixApp;
		};
		190A645428C7BD9400BC69E2 /* PBXContainerItemProxy */ = {
			isa = PBXContainerItemProxy;
			containerPortal = 190A642B28C7BD9300BC69E2 /* Project object */;
			proxyType = 1;
			remoteGlobalIDString = 190A643228C7BD9300BC69E2;
			remoteInfo = FlixApp;
		};
/* End PBXContainerItemProxy section */

/* Begin PBXFileReference section */
		098A044C7CE80C19CB68545A /* Pods_FlixApp.framework */ = {isa = PBXFileReference; explicitFileType = wrapper.framework; includeInIndex = 0; path = Pods_FlixApp.framework; sourceTree = BUILT_PRODUCTS_DIR; };
		12FE9BF6F2B9D0A1A2B96D33 /* Pods-FlixAppTests.debug.xcconfig */ = {isa = PBXFileReference; includeInIndex = 1; lastKnownFileType = text.xcconfig; name = "Pods-FlixAppTests.debug.xcconfig"; path = "Target Support Files/Pods-FlixAppTests/Pods-FlixAppTests.debug.xcconfig"; sourceTree = "<group>"; };
		1508A1E70E60FE5BAE317895 /* Pods_FlixAppTests.framework */ = {isa = PBXFileReference; explicitFileType = wrapper.framework; includeInIndex = 0; path = Pods_FlixAppTests.framework; sourceTree = BUILT_PRODUCTS_DIR; };
		190A643328C7BD9300BC69E2 /* FlixApp.app */ = {isa = PBXFileReference; explicitFileType = wrapper.application; includeInIndex = 0; path = FlixApp.app; sourceTree = BUILT_PRODUCTS_DIR; };
		190A643628C7BD9300BC69E2 /* AppDelegate.swift */ = {isa = PBXFileReference; lastKnownFileType = sourcecode.swift; path = AppDelegate.swift; sourceTree = "<group>"; };
		190A643828C7BD9300BC69E2 /* SceneDelegate.swift */ = {isa = PBXFileReference; lastKnownFileType = sourcecode.swift; path = SceneDelegate.swift; sourceTree = "<group>"; };
		190A643A28C7BD9300BC69E2 /* ViewController.swift */ = {isa = PBXFileReference; lastKnownFileType = sourcecode.swift; path = ViewController.swift; sourceTree = "<group>"; };
		190A643D28C7BD9300BC69E2 /* Base */ = {isa = PBXFileReference; lastKnownFileType = file.storyboard; name = Base; path = Base.lproj/Main.storyboard; sourceTree = "<group>"; };
		190A643F28C7BD9400BC69E2 /* Assets.xcassets */ = {isa = PBXFileReference; lastKnownFileType = folder.assetcatalog; path = Assets.xcassets; sourceTree = "<group>"; };
		190A644228C7BD9400BC69E2 /* Base */ = {isa = PBXFileReference; lastKnownFileType = file.storyboard; name = Base; path = Base.lproj/LaunchScreen.storyboard; sourceTree = "<group>"; };
		190A644428C7BD9400BC69E2 /* Info.plist */ = {isa = PBXFileReference; lastKnownFileType = text.plist.xml; path = Info.plist; sourceTree = "<group>"; };
		190A644928C7BD9400BC69E2 /* FlixAppTests.xctest */ = {isa = PBXFileReference; explicitFileType = wrapper.cfbundle; includeInIndex = 0; path = FlixAppTests.xctest; sourceTree = BUILT_PRODUCTS_DIR; };
		190A644D28C7BD9400BC69E2 /* FlixAppTests.swift */ = {isa = PBXFileReference; lastKnownFileType = sourcecode.swift; path = FlixAppTests.swift; sourceTree = "<group>"; };
		190A645328C7BD9400BC69E2 /* FlixAppUITests.xctest */ = {isa = PBXFileReference; explicitFileType = wrapper.cfbundle; includeInIndex = 0; path = FlixAppUITests.xctest; sourceTree = BUILT_PRODUCTS_DIR; };
		190A645728C7BD9400BC69E2 /* FlixAppUITests.swift */ = {isa = PBXFileReference; lastKnownFileType = sourcecode.swift; path = FlixAppUITests.swift; sourceTree = "<group>"; };
		190A645928C7BD9400BC69E2 /* FlixAppUITestsLaunchTests.swift */ = {isa = PBXFileReference; lastKnownFileType = sourcecode.swift; path = FlixAppUITestsLaunchTests.swift; sourceTree = "<group>"; };
		190A646628C7CD8800BC69E2 /* MovieCell.swift */ = {isa = PBXFileReference; lastKnownFileType = sourcecode.swift; path = MovieCell.swift; sourceTree = "<group>"; };
		19167D4D28CEB6AE006DD821 /* MovieDetailViewController.swift */ = {isa = PBXFileReference; lastKnownFileType = sourcecode.swift; path = MovieDetailViewController.swift; sourceTree = "<group>"; };
		199B986128CFF6BB00A6CA0F /* MovieGridViewController.swift */ = {isa = PBXFileReference; lastKnownFileType = sourcecode.swift; path = MovieGridViewController.swift; sourceTree = "<group>"; };
		199B986728D01D3900A6CA0F /* MovieGridCell.swift */ = {isa = PBXFileReference; lastKnownFileType = sourcecode.swift; path = MovieGridCell.swift; sourceTree = "<group>"; };
		29AEF8E84B6C444C4529A3D4 /* Pods_FlixApp_FlixAppUITests.framework */ = {isa = PBXFileReference; explicitFileType = wrapper.framework; includeInIndex = 0; path = Pods_FlixApp_FlixAppUITests.framework; sourceTree = BUILT_PRODUCTS_DIR; };
		3305429D0C9A503F0D112577 /* Pods-FlixAppTests.release.xcconfig */ = {isa = PBXFileReference; includeInIndex = 1; lastKnownFileType = text.xcconfig; name = "Pods-FlixAppTests.release.xcconfig"; path = "Target Support Files/Pods-FlixAppTests/Pods-FlixAppTests.release.xcconfig"; sourceTree = "<group>"; };
		411028EBEE91A34C2D131598 /* Pods-FlixApp.debug.xcconfig */ = {isa = PBXFileReference; includeInIndex = 1; lastKnownFileType = text.xcconfig; name = "Pods-FlixApp.debug.xcconfig"; path = "Target Support Files/Pods-FlixApp/Pods-FlixApp.debug.xcconfig"; sourceTree = "<group>"; };
		46A34FC9D9E6003BD4500F68 /* Pods-FlixApp.release.xcconfig */ = {isa = PBXFileReference; includeInIndex = 1; lastKnownFileType = text.xcconfig; name = "Pods-FlixApp.release.xcconfig"; path = "Target Support Files/Pods-FlixApp/Pods-FlixApp.release.xcconfig"; sourceTree = "<group>"; };
		ABCDCC53CE141A5EEE55E310 /* Pods-FlixApp-FlixAppUITests.debug.xcconfig */ = {isa = PBXFileReference; includeInIndex = 1; lastKnownFileType = text.xcconfig; name = "Pods-FlixApp-FlixAppUITests.debug.xcconfig"; path = "Target Support Files/Pods-FlixApp-FlixAppUITests/Pods-FlixApp-FlixAppUITests.debug.xcconfig"; sourceTree = "<group>"; };
		D4DBA96C0A596826C90F998D /* Pods-FlixApp-FlixAppUITests.release.xcconfig */ = {isa = PBXFileReference; includeInIndex = 1; lastKnownFileType = text.xcconfig; name = "Pods-FlixApp-FlixAppUITests.release.xcconfig"; path = "Target Support Files/Pods-FlixApp-FlixAppUITests/Pods-FlixApp-FlixAppUITests.release.xcconfig"; sourceTree = "<group>"; };
/* End PBXFileReference section */

/* Begin PBXFrameworksBuildPhase section */
		190A643028C7BD9300BC69E2 /* Frameworks */ = {
			isa = PBXFrameworksBuildPhase;
			buildActionMask = 2147483647;
			files = (
				190A646A28C7E9A700BC69E2 /* AlamofireImage in Frameworks */,
				CC5097A8E210773631916FB0 /* Pods_FlixApp.framework in Frameworks */,
			);
			runOnlyForDeploymentPostprocessing = 0;
		};
		190A644628C7BD9400BC69E2 /* Frameworks */ = {
			isa = PBXFrameworksBuildPhase;
			buildActionMask = 2147483647;
			files = (
				2E3C50B8372BC6FC1E0D41B5 /* Pods_FlixAppTests.framework in Frameworks */,
			);
			runOnlyForDeploymentPostprocessing = 0;
		};
		190A645028C7BD9400BC69E2 /* Frameworks */ = {
			isa = PBXFrameworksBuildPhase;
			buildActionMask = 2147483647;
			files = (
				F8CE10243811EB5FEB6ABA74 /* Pods_FlixApp_FlixAppUITests.framework in Frameworks */,
			);
			runOnlyForDeploymentPostprocessing = 0;
		};
/* End PBXFrameworksBuildPhase section */

/* Begin PBXGroup section */
		190A642A28C7BD9300BC69E2 = {
			isa = PBXGroup;
			children = (
				190A643528C7BD9300BC69E2 /* FlixApp */,
				190A644C28C7BD9400BC69E2 /* FlixAppTests */,
				190A645628C7BD9400BC69E2 /* FlixAppUITests */,
				190A643428C7BD9300BC69E2 /* Products */,
				BA1A6A4C90E4016B9689267D /* Pods */,
				BF40842CB5169C2FFA665AB1 /* Frameworks */,
			);
			sourceTree = "<group>";
		};
		190A643428C7BD9300BC69E2 /* Products */ = {
			isa = PBXGroup;
			children = (
				190A643328C7BD9300BC69E2 /* FlixApp.app */,
				190A644928C7BD9400BC69E2 /* FlixAppTests.xctest */,
				190A645328C7BD9400BC69E2 /* FlixAppUITests.xctest */,
			);
			name = Products;
			sourceTree = "<group>";
		};
		190A643528C7BD9300BC69E2 /* FlixApp */ = {
			isa = PBXGroup;
			children = (
				190A643628C7BD9300BC69E2 /* AppDelegate.swift */,
				190A643828C7BD9300BC69E2 /* SceneDelegate.swift */,
				190A643A28C7BD9300BC69E2 /* ViewController.swift */,
				190A646628C7CD8800BC69E2 /* MovieCell.swift */,
				190A643C28C7BD9300BC69E2 /* Main.storyboard */,
				199B986728D01D3900A6CA0F /* MovieGridCell.swift */,
				199B986128CFF6BB00A6CA0F /* MovieGridViewController.swift */,
				19167D4D28CEB6AE006DD821 /* MovieDetailViewController.swift */,
				190A643F28C7BD9400BC69E2 /* Assets.xcassets */,
				190A644128C7BD9400BC69E2 /* LaunchScreen.storyboard */,
				190A644428C7BD9400BC69E2 /* Info.plist */,
			);
			path = FlixApp;
			sourceTree = "<group>";
		};
		190A644C28C7BD9400BC69E2 /* FlixAppTests */ = {
			isa = PBXGroup;
			children = (
				190A644D28C7BD9400BC69E2 /* FlixAppTests.swift */,
			);
			path = FlixAppTests;
			sourceTree = "<group>";
		};
		190A645628C7BD9400BC69E2 /* FlixAppUITests */ = {
			isa = PBXGroup;
			children = (
				190A645728C7BD9400BC69E2 /* FlixAppUITests.swift */,
				190A645928C7BD9400BC69E2 /* FlixAppUITestsLaunchTests.swift */,
			);
			path = FlixAppUITests;
			sourceTree = "<group>";
		};
		BA1A6A4C90E4016B9689267D /* Pods */ = {
			isa = PBXGroup;
			children = (
				411028EBEE91A34C2D131598 /* Pods-FlixApp.debug.xcconfig */,
				46A34FC9D9E6003BD4500F68 /* Pods-FlixApp.release.xcconfig */,
				ABCDCC53CE141A5EEE55E310 /* Pods-FlixApp-FlixAppUITests.debug.xcconfig */,
				D4DBA96C0A596826C90F998D /* Pods-FlixApp-FlixAppUITests.release.xcconfig */,
				12FE9BF6F2B9D0A1A2B96D33 /* Pods-FlixAppTests.debug.xcconfig */,
				3305429D0C9A503F0D112577 /* Pods-FlixAppTests.release.xcconfig */,
			);
			path = Pods;
			sourceTree = "<group>";
		};
		BF40842CB5169C2FFA665AB1 /* Frameworks */ = {
			isa = PBXGroup;
			children = (
				098A044C7CE80C19CB68545A /* Pods_FlixApp.framework */,
				29AEF8E84B6C444C4529A3D4 /* Pods_FlixApp_FlixAppUITests.framework */,
				1508A1E70E60FE5BAE317895 /* Pods_FlixAppTests.framework */,
			);
			name = Frameworks;
			sourceTree = "<group>";
		};
/* End PBXGroup section */

/* Begin PBXNativeTarget section */
		190A643228C7BD9300BC69E2 /* FlixApp */ = {
			isa = PBXNativeTarget;
			buildConfigurationList = 190A645D28C7BD9400BC69E2 /* Build configuration list for PBXNativeTarget "FlixApp" */;
			buildPhases = (
				2C2BA470027EB7C85DE698E4 /* [CP] Check Pods Manifest.lock */,
				190A642F28C7BD9300BC69E2 /* Sources */,
				190A643028C7BD9300BC69E2 /* Frameworks */,
				190A643128C7BD9300BC69E2 /* Resources */,
				0751C692B57CA4662ECB032D /* [CP] Embed Pods Frameworks */,
			);
			buildRules = (
			);
			dependencies = (
			);
			name = FlixApp;
			packageProductDependencies = (
				190A646928C7E9A700BC69E2 /* AlamofireImage */,
			);
			productName = FlixApp;
			productReference = 190A643328C7BD9300BC69E2 /* FlixApp.app */;
			productType = "com.apple.product-type.application";
		};
		190A644828C7BD9400BC69E2 /* FlixAppTests */ = {
			isa = PBXNativeTarget;
			buildConfigurationList = 190A646028C7BD9400BC69E2 /* Build configuration list for PBXNativeTarget "FlixAppTests" */;
			buildPhases = (
				64BF6EBB44BD5B5A4B553292 /* [CP] Check Pods Manifest.lock */,
				190A644528C7BD9400BC69E2 /* Sources */,
				190A644628C7BD9400BC69E2 /* Frameworks */,
				190A644728C7BD9400BC69E2 /* Resources */,
			);
			buildRules = (
			);
			dependencies = (
				190A644B28C7BD9400BC69E2 /* PBXTargetDependency */,
			);
			name = FlixAppTests;
			productName = FlixAppTests;
			productReference = 190A644928C7BD9400BC69E2 /* FlixAppTests.xctest */;
			productType = "com.apple.product-type.bundle.unit-test";
		};
		190A645228C7BD9400BC69E2 /* FlixAppUITests */ = {
			isa = PBXNativeTarget;
			buildConfigurationList = 190A646328C7BD9400BC69E2 /* Build configuration list for PBXNativeTarget "FlixAppUITests" */;
			buildPhases = (
				42773B59B51F35FDD69164B5 /* [CP] Check Pods Manifest.lock */,
				190A644F28C7BD9400BC69E2 /* Sources */,
				190A645028C7BD9400BC69E2 /* Frameworks */,
				190A645128C7BD9400BC69E2 /* Resources */,
				2BB3B5BE636EB96F28C653FA /* [CP] Embed Pods Frameworks */,
			);
			buildRules = (
			);
			dependencies = (
				190A645528C7BD9400BC69E2 /* PBXTargetDependency */,
			);
			name = FlixAppUITests;
			productName = FlixAppUITests;
			productReference = 190A645328C7BD9400BC69E2 /* FlixAppUITests.xctest */;
			productType = "com.apple.product-type.bundle.ui-testing";
		};
/* End PBXNativeTarget section */

/* Begin PBXProject section */
		190A642B28C7BD9300BC69E2 /* Project object */ = {
			isa = PBXProject;
			attributes = {
				BuildIndependentTargetsInParallel = 1;
				LastSwiftUpdateCheck = 1320;
				LastUpgradeCheck = 1320;
				TargetAttributes = {
					190A643228C7BD9300BC69E2 = {
						CreatedOnToolsVersion = 13.2.1;
					};
					190A644828C7BD9400BC69E2 = {
						CreatedOnToolsVersion = 13.2.1;
						TestTargetID = 190A643228C7BD9300BC69E2;
					};
					190A645228C7BD9400BC69E2 = {
						CreatedOnToolsVersion = 13.2.1;
						TestTargetID = 190A643228C7BD9300BC69E2;
					};
				};
			};
			buildConfigurationList = 190A642E28C7BD9300BC69E2 /* Build configuration list for PBXProject "FlixApp" */;
			compatibilityVersion = "Xcode 13.0";
			developmentRegion = en;
			hasScannedForEncodings = 0;
			knownRegions = (
				en,
				Base,
			);
			mainGroup = 190A642A28C7BD9300BC69E2;
			packageReferences = (
				190A646828C7E9A700BC69E2 /* XCRemoteSwiftPackageReference "AlamofireImage" */,
			);
			productRefGroup = 190A643428C7BD9300BC69E2 /* Products */;
			projectDirPath = "";
			projectRoot = "";
			targets = (
				190A643228C7BD9300BC69E2 /* FlixApp */,
				190A644828C7BD9400BC69E2 /* FlixAppTests */,
				190A645228C7BD9400BC69E2 /* FlixAppUITests */,
			);
		};
/* End PBXProject section */

/* Begin PBXResourcesBuildPhase section */
		190A643128C7BD9300BC69E2 /* Resources */ = {
			isa = PBXResourcesBuildPhase;
			buildActionMask = 2147483647;
			files = (
				190A644328C7BD9400BC69E2 /* LaunchScreen.storyboard in Resources */,
				190A644028C7BD9400BC69E2 /* Assets.xcassets in Resources */,
				190A643E28C7BD9300BC69E2 /* Main.storyboard in Resources */,
			);
			runOnlyForDeploymentPostprocessing = 0;
		};
		190A644728C7BD9400BC69E2 /* Resources */ = {
			isa = PBXResourcesBuildPhase;
			buildActionMask = 2147483647;
			files = (
			);
			runOnlyForDeploymentPostprocessing = 0;
		};
		190A645128C7BD9400BC69E2 /* Resources */ = {
			isa = PBXResourcesBuildPhase;
			buildActionMask = 2147483647;
			files = (
			);
			runOnlyForDeploymentPostprocessing = 0;
		};
/* End PBXResourcesBuildPhase section */

/* Begin PBXShellScriptBuildPhase section */
		0751C692B57CA4662ECB032D /* [CP] Embed Pods Frameworks */ = {
			isa = PBXShellScriptBuildPhase;
			buildActionMask = 2147483647;
			files = (
			);
			inputFileListPaths = (
				"${PODS_ROOT}/Target Support Files/Pods-FlixApp/Pods-FlixApp-frameworks-${CONFIGURATION}-input-files.xcfilelist",
			);
			name = "[CP] Embed Pods Frameworks";
			outputFileListPaths = (
				"${PODS_ROOT}/Target Support Files/Pods-FlixApp/Pods-FlixApp-frameworks-${CONFIGURATION}-output-files.xcfilelist",
			);
			runOnlyForDeploymentPostprocessing = 0;
			shellPath = /bin/sh;
			shellScript = "\"${PODS_ROOT}/Target Support Files/Pods-FlixApp/Pods-FlixApp-frameworks.sh\"\n";
			showEnvVarsInLog = 0;
		};
		2BB3B5BE636EB96F28C653FA /* [CP] Embed Pods Frameworks */ = {
			isa = PBXShellScriptBuildPhase;
			buildActionMask = 2147483647;
			files = (
			);
			inputFileListPaths = (
				"${PODS_ROOT}/Target Support Files/Pods-FlixApp-FlixAppUITests/Pods-FlixApp-FlixAppUITests-frameworks-${CONFIGURATION}-input-files.xcfilelist",
			);
			name = "[CP] Embed Pods Frameworks";
			outputFileListPaths = (
				"${PODS_ROOT}/Target Support Files/Pods-FlixApp-FlixAppUITests/Pods-FlixApp-FlixAppUITests-frameworks-${CONFIGURATION}-output-files.xcfilelist",
			);
			runOnlyForDeploymentPostprocessing = 0;
			shellPath = /bin/sh;
			shellScript = "\"${PODS_ROOT}/Target Support Files/Pods-FlixApp-FlixAppUITests/Pods-FlixApp-FlixAppUITests-frameworks.sh\"\n";
			showEnvVarsInLog = 0;
		};
		2C2BA470027EB7C85DE698E4 /* [CP] Check Pods Manifest.lock */ = {
			isa = PBXShellScriptBuildPhase;
			buildActionMask = 2147483647;
			files = (
			);
			inputFileListPaths = (
			);
			inputPaths = (
				"${PODS_PODFILE_DIR_PATH}/Podfile.lock",
				"${PODS_ROOT}/Manifest.lock",
			);
			name = "[CP] Check Pods Manifest.lock";
			outputFileListPaths = (
			);
			outputPaths = (
				"$(DERIVED_FILE_DIR)/Pods-FlixApp-checkManifestLockResult.txt",
			);
			runOnlyForDeploymentPostprocessing = 0;
			shellPath = /bin/sh;
			shellScript = "diff \"${PODS_PODFILE_DIR_PATH}/Podfile.lock\" \"${PODS_ROOT}/Manifest.lock\" > /dev/null\nif [ $? != 0 ] ; then\n    # print error to STDERR\n    echo \"error: The sandbox is not in sync with the Podfile.lock. Run 'pod install' or update your CocoaPods installation.\" >&2\n    exit 1\nfi\n# This output is used by Xcode 'outputs' to avoid re-running this script phase.\necho \"SUCCESS\" > \"${SCRIPT_OUTPUT_FILE_0}\"\n";
			showEnvVarsInLog = 0;
		};
		42773B59B51F35FDD69164B5 /* [CP] Check Pods Manifest.lock */ = {
			isa = PBXShellScriptBuildPhase;
			buildActionMask = 2147483647;
			files = (
			);
			inputFileListPaths = (
			);
			inputPaths = (
				"${PODS_PODFILE_DIR_PATH}/Podfile.lock",
				"${PODS_ROOT}/Manifest.lock",
			);
			name = "[CP] Check Pods Manifest.lock";
			outputFileListPaths = (
			);
			outputPaths = (
				"$(DERIVED_FILE_DIR)/Pods-FlixApp-FlixAppUITests-checkManifestLockResult.txt",
			);
			runOnlyForDeploymentPostprocessing = 0;
			shellPath = /bin/sh;
			shellScript = "diff \"${PODS_PODFILE_DIR_PATH}/Podfile.lock\" \"${PODS_ROOT}/Manifest.lock\" > /dev/null\nif [ $? != 0 ] ; then\n    # print error to STDERR\n    echo \"error: The sandbox is not in sync with the Podfile.lock. Run 'pod install' or update your CocoaPods installation.\" >&2\n    exit 1\nfi\n# This output is used by Xcode 'outputs' to avoid re-running this script phase.\necho \"SUCCESS\" > \"${SCRIPT_OUTPUT_FILE_0}\"\n";
			showEnvVarsInLog = 0;
		};
		64BF6EBB44BD5B5A4B553292 /* [CP] Check Pods Manifest.lock */ = {
			isa = PBXShellScriptBuildPhase;
			buildActionMask = 2147483647;
			files = (
			);
			inputFileListPaths = (
			);
			inputPaths = (
				"${PODS_PODFILE_DIR_PATH}/Podfile.lock",
				"${PODS_ROOT}/Manifest.lock",
			);
			name = "[CP] Check Pods Manifest.lock";
			outputFileListPaths = (
			);
			outputPaths = (
				"$(DERIVED_FILE_DIR)/Pods-FlixAppTests-checkManifestLockResult.txt",
			);
			runOnlyForDeploymentPostprocessing = 0;
			shellPath = /bin/sh;
			shellScript = "diff \"${PODS_PODFILE_DIR_PATH}/Podfile.lock\" \"${PODS_ROOT}/Manifest.lock\" > /dev/null\nif [ $? != 0 ] ; then\n    # print error to STDERR\n    echo \"error: The sandbox is not in sync with the Podfile.lock. Run 'pod install' or update your CocoaPods installation.\" >&2\n    exit 1\nfi\n# This output is used by Xcode 'outputs' to avoid re-running this script phase.\necho \"SUCCESS\" > \"${SCRIPT_OUTPUT_FILE_0}\"\n";
			showEnvVarsInLog = 0;
		};
/* End PBXShellScriptBuildPhase section */

/* Begin PBXSourcesBuildPhase section */
		190A642F28C7BD9300BC69E2 /* Sources */ = {
			isa = PBXSourcesBuildPhase;
			buildActionMask = 2147483647;
			files = (
				190A643B28C7BD9300BC69E2 /* ViewController.swift in Sources */,
				19167D4E28CEB6AE006DD821 /* MovieDetailViewController.swift in Sources */,
				190A643728C7BD9300BC69E2 /* AppDelegate.swift in Sources */,
				190A646728C7CD8800BC69E2 /* MovieCell.swift in Sources */,
				190A643928C7BD9300BC69E2 /* SceneDelegate.swift in Sources */,
				199B986228CFF6BB00A6CA0F /* MovieGridViewController.swift in Sources */,
				199B986828D01D3900A6CA0F /* MovieGridCell.swift in Sources */,
			);
			runOnlyForDeploymentPostprocessing = 0;
		};
		190A644528C7BD9400BC69E2 /* Sources */ = {
			isa = PBXSourcesBuildPhase;
			buildActionMask = 2147483647;
			files = (
				190A644E28C7BD9400BC69E2 /* FlixAppTests.swift in Sources */,
			);
			runOnlyForDeploymentPostprocessing = 0;
		};
		190A644F28C7BD9400BC69E2 /* Sources */ = {
			isa = PBXSourcesBuildPhase;
			buildActionMask = 2147483647;
			files = (
				190A645828C7BD9400BC69E2 /* FlixAppUITests.swift in Sources */,
				190A645A28C7BD9400BC69E2 /* FlixAppUITestsLaunchTests.swift in Sources */,
			);
			runOnlyForDeploymentPostprocessing = 0;
		};
/* End PBXSourcesBuildPhase section */

/* Begin PBXTargetDependency section */
		190A644B28C7BD9400BC69E2 /* PBXTargetDependency */ = {
			isa = PBXTargetDependency;
			target = 190A643228C7BD9300BC69E2 /* FlixApp */;
			targetProxy = 190A644A28C7BD9400BC69E2 /* PBXContainerItemProxy */;
		};
		190A645528C7BD9400BC69E2 /* PBXTargetDependency */ = {
			isa = PBXTargetDependency;
			target = 190A643228C7BD9300BC69E2 /* FlixApp */;
			targetProxy = 190A645428C7BD9400BC69E2 /* PBXContainerItemProxy */;
		};
/* End PBXTargetDependency section */

/* Begin PBXVariantGroup section */
		190A643C28C7BD9300BC69E2 /* Main.storyboard */ = {
			isa = PBXVariantGroup;
			children = (
				190A643D28C7BD9300BC69E2 /* Base */,
			);
			name = Main.storyboard;
			sourceTree = "<group>";
		};
		190A644128C7BD9400BC69E2 /* LaunchScreen.storyboard */ = {
			isa = PBXVariantGroup;
			children = (
				190A644228C7BD9400BC69E2 /* Base */,
			);
			name = LaunchScreen.storyboard;
			sourceTree = "<group>";
		};
/* End PBXVariantGroup section */

/* Begin XCBuildConfiguration section */
		190A645B28C7BD9400BC69E2 /* Debug */ = {
			isa = XCBuildConfiguration;
			buildSettings = {
				ALWAYS_SEARCH_USER_PATHS = NO;
				CLANG_ANALYZER_NONNULL = YES;
				CLANG_ANALYZER_NUMBER_OBJECT_CONVERSION = YES_AGGRESSIVE;
				CLANG_CXX_LANGUAGE_STANDARD = "gnu++17";
				CLANG_CXX_LIBRARY = "libc++";
				CLANG_ENABLE_MODULES = YES;
				CLANG_ENABLE_OBJC_ARC = YES;
				CLANG_ENABLE_OBJC_WEAK = YES;
				CLANG_WARN_BLOCK_CAPTURE_AUTORELEASING = YES;
				CLANG_WARN_BOOL_CONVERSION = YES;
				CLANG_WARN_COMMA = YES;
				CLANG_WARN_CONSTANT_CONVERSION = YES;
				CLANG_WARN_DEPRECATED_OBJC_IMPLEMENTATIONS = YES;
				CLANG_WARN_DIRECT_OBJC_ISA_USAGE = YES_ERROR;
				CLANG_WARN_DOCUMENTATION_COMMENTS = YES;
				CLANG_WARN_EMPTY_BODY = YES;
				CLANG_WARN_ENUM_CONVERSION = YES;
				CLANG_WARN_INFINITE_RECURSION = YES;
				CLANG_WARN_INT_CONVERSION = YES;
				CLANG_WARN_NON_LITERAL_NULL_CONVERSION = YES;
				CLANG_WARN_OBJC_IMPLICIT_RETAIN_SELF = YES;
				CLANG_WARN_OBJC_LITERAL_CONVERSION = YES;
				CLANG_WARN_OBJC_ROOT_CLASS = YES_ERROR;
				CLANG_WARN_QUOTED_INCLUDE_IN_FRAMEWORK_HEADER = YES;
				CLANG_WARN_RANGE_LOOP_ANALYSIS = YES;
				CLANG_WARN_STRICT_PROTOTYPES = YES;
				CLANG_WARN_SUSPICIOUS_MOVE = YES;
				CLANG_WARN_UNGUARDED_AVAILABILITY = YES_AGGRESSIVE;
				CLANG_WARN_UNREACHABLE_CODE = YES;
				CLANG_WARN__DUPLICATE_METHOD_MATCH = YES;
				COPY_PHASE_STRIP = NO;
				DEBUG_INFORMATION_FORMAT = dwarf;
				ENABLE_STRICT_OBJC_MSGSEND = YES;
				ENABLE_TESTABILITY = YES;
				GCC_C_LANGUAGE_STANDARD = gnu11;
				GCC_DYNAMIC_NO_PIC = NO;
				GCC_NO_COMMON_BLOCKS = YES;
				GCC_OPTIMIZATION_LEVEL = 0;
				GCC_PREPROCESSOR_DEFINITIONS = (
					"DEBUG=1",
					"$(inherited)",
				);
				GCC_WARN_64_TO_32_BIT_CONVERSION = YES;
				GCC_WARN_ABOUT_RETURN_TYPE = YES_ERROR;
				GCC_WARN_UNDECLARED_SELECTOR = YES;
				GCC_WARN_UNINITIALIZED_AUTOS = YES_AGGRESSIVE;
				GCC_WARN_UNUSED_FUNCTION = YES;
				GCC_WARN_UNUSED_VARIABLE = YES;
				IPHONEOS_DEPLOYMENT_TARGET = 15.2;
				MTL_ENABLE_DEBUG_INFO = INCLUDE_SOURCE;
				MTL_FAST_MATH = YES;
				ONLY_ACTIVE_ARCH = YES;
				SDKROOT = iphoneos;
				SWIFT_ACTIVE_COMPILATION_CONDITIONS = DEBUG;
				SWIFT_OPTIMIZATION_LEVEL = "-Onone";
			};
			name = Debug;
		};
		190A645C28C7BD9400BC69E2 /* Release */ = {
			isa = XCBuildConfiguration;
			buildSettings = {
				ALWAYS_SEARCH_USER_PATHS = NO;
				CLANG_ANALYZER_NONNULL = YES;
				CLANG_ANALYZER_NUMBER_OBJECT_CONVERSION = YES_AGGRESSIVE;
				CLANG_CXX_LANGUAGE_STANDARD = "gnu++17";
				CLANG_CXX_LIBRARY = "libc++";
				CLANG_ENABLE_MODULES = YES;
				CLANG_ENABLE_OBJC_ARC = YES;
				CLANG_ENABLE_OBJC_WEAK = YES;
				CLANG_WARN_BLOCK_CAPTURE_AUTORELEASING = YES;
				CLANG_WARN_BOOL_CONVERSION = YES;
				CLANG_WARN_COMMA = YES;
				CLANG_WARN_CONSTANT_CONVERSION = YES;
				CLANG_WARN_DEPRECATED_OBJC_IMPLEMENTATIONS = YES;
				CLANG_WARN_DIRECT_OBJC_ISA_USAGE = YES_ERROR;
				CLANG_WARN_DOCUMENTATION_COMMENTS = YES;
				CLANG_WARN_EMPTY_BODY = YES;
				CLANG_WARN_ENUM_CONVERSION = YES;
				CLANG_WARN_INFINITE_RECURSION = YES;
				CLANG_WARN_INT_CONVERSION = YES;
				CLANG_WARN_NON_LITERAL_NULL_CONVERSION = YES;
				CLANG_WARN_OBJC_IMPLICIT_RETAIN_SELF = YES;
				CLANG_WARN_OBJC_LITERAL_CONVERSION = YES;
				CLANG_WARN_OBJC_ROOT_CLASS = YES_ERROR;
				CLANG_WARN_QUOTED_INCLUDE_IN_FRAMEWORK_HEADER = YES;
				CLANG_WARN_RANGE_LOOP_ANALYSIS = YES;
				CLANG_WARN_STRICT_PROTOTYPES = YES;
				CLANG_WARN_SUSPICIOUS_MOVE = YES;
				CLANG_WARN_UNGUARDED_AVAILABILITY = YES_AGGRESSIVE;
				CLANG_WARN_UNREACHABLE_CODE = YES;
				CLANG_WARN__DUPLICATE_METHOD_MATCH = YES;
				COPY_PHASE_STRIP = NO;
				DEBUG_INFORMATION_FORMAT = "dwarf-with-dsym";
				ENABLE_NS_ASSERTIONS = NO;
				ENABLE_STRICT_OBJC_MSGSEND = YES;
				GCC_C_LANGUAGE_STANDARD = gnu11;
				GCC_NO_COMMON_BLOCKS = YES;
				GCC_WARN_64_TO_32_BIT_CONVERSION = YES;
				GCC_WARN_ABOUT_RETURN_TYPE = YES_ERROR;
				GCC_WARN_UNDECLARED_SELECTOR = YES;
				GCC_WARN_UNINITIALIZED_AUTOS = YES_AGGRESSIVE;
				GCC_WARN_UNUSED_FUNCTION = YES;
				GCC_WARN_UNUSED_VARIABLE = YES;
				IPHONEOS_DEPLOYMENT_TARGET = 15.2;
				MTL_ENABLE_DEBUG_INFO = NO;
				MTL_FAST_MATH = YES;
				SDKROOT = iphoneos;
				SWIFT_COMPILATION_MODE = wholemodule;
				SWIFT_OPTIMIZATION_LEVEL = "-O";
				VALIDATE_PRODUCT = YES;
			};
			name = Release;
		};
		190A645E28C7BD9400BC69E2 /* Debug */ = {
			isa = XCBuildConfiguration;
			baseConfigurationReference = 411028EBEE91A34C2D131598 /* Pods-FlixApp.debug.xcconfig */;
			buildSettings = {
				ASSETCATALOG_COMPILER_APPICON_NAME = AppIcon;
				ASSETCATALOG_COMPILER_GLOBAL_ACCENT_COLOR_NAME = AccentColor;
				CODE_SIGN_STYLE = Automatic;
				CURRENT_PROJECT_VERSION = 1;
				GENERATE_INFOPLIST_FILE = YES;
				INFOPLIST_FILE = FlixApp/Info.plist;
				INFOPLIST_KEY_UIApplicationSupportsIndirectInputEvents = YES;
				INFOPLIST_KEY_UILaunchStoryboardName = LaunchScreen;
				INFOPLIST_KEY_UIMainStoryboardFile = Main;
				INFOPLIST_KEY_UISupportedInterfaceOrientations_iPad = "UIInterfaceOrientationPortrait UIInterfaceOrientationPortraitUpsideDown UIInterfaceOrientationLandscapeLeft UIInterfaceOrientationLandscapeRight";
				INFOPLIST_KEY_UISupportedInterfaceOrientations_iPhone = "UIInterfaceOrientationPortrait UIInterfaceOrientationLandscapeLeft UIInterfaceOrientationLandscapeRight";
				LD_RUNPATH_SEARCH_PATHS = (
					"$(inherited)",
					"@executable_path/Frameworks",
				);
				MARKETING_VERSION = 1.0;
				PRODUCT_BUNDLE_IDENTIFIER = "com.-Kyle-Deveaux-.FlixApp";
				PRODUCT_NAME = "$(TARGET_NAME)";
				SWIFT_EMIT_LOC_STRINGS = YES;
				SWIFT_VERSION = 5.0;
				TARGETED_DEVICE_FAMILY = "1,2";
			};
			name = Debug;
		};
		190A645F28C7BD9400BC69E2 /* Release */ = {
			isa = XCBuildConfiguration;
			baseConfigurationReference = 46A34FC9D9E6003BD4500F68 /* Pods-FlixApp.release.xcconfig */;
			buildSettings = {
				ASSETCATALOG_COMPILER_APPICON_NAME = AppIcon;
				ASSETCATALOG_COMPILER_GLOBAL_ACCENT_COLOR_NAME = AccentColor;
				CODE_SIGN_STYLE = Automatic;
				CURRENT_PROJECT_VERSION = 1;
				GENERATE_INFOPLIST_FILE = YES;
				INFOPLIST_FILE = FlixApp/Info.plist;
				INFOPLIST_KEY_UIApplicationSupportsIndirectInputEvents = YES;
				INFOPLIST_KEY_UILaunchStoryboardName = LaunchScreen;
				INFOPLIST_KEY_UIMainStoryboardFile = Main;
				INFOPLIST_KEY_UISupportedInterfaceOrientations_iPad = "UIInterfaceOrientationPortrait UIInterfaceOrientationPortraitUpsideDown UIInterfaceOrientationLandscapeLeft UIInterfaceOrientationLandscapeRight";
				INFOPLIST_KEY_UISupportedInterfaceOrientations_iPhone = "UIInterfaceOrientationPortrait UIInterfaceOrientationLandscapeLeft UIInterfaceOrientationLandscapeRight";
				LD_RUNPATH_SEARCH_PATHS = (
					"$(inherited)",
					"@executable_path/Frameworks",
				);
				MARKETING_VERSION = 1.0;
				PRODUCT_BUNDLE_IDENTIFIER = "com.-Kyle-Deveaux-.FlixApp";
				PRODUCT_NAME = "$(TARGET_NAME)";
				SWIFT_EMIT_LOC_STRINGS = YES;
				SWIFT_VERSION = 5.0;
				TARGETED_DEVICE_FAMILY = "1,2";
			};
			name = Release;
		};
		190A646128C7BD9400BC69E2 /* Debug */ = {
			isa = XCBuildConfiguration;
			baseConfigurationReference = 12FE9BF6F2B9D0A1A2B96D33 /* Pods-FlixAppTests.debug.xcconfig */;
			buildSettings = {
				ALWAYS_EMBED_SWIFT_STANDARD_LIBRARIES = YES;
				BUNDLE_LOADER = "$(TEST_HOST)";
				CODE_SIGN_STYLE = Automatic;
				CURRENT_PROJECT_VERSION = 1;
				GENERATE_INFOPLIST_FILE = YES;
				IPHONEOS_DEPLOYMENT_TARGET = 15.2;
				MARKETING_VERSION = 1.0;
				PRODUCT_BUNDLE_IDENTIFIER = "com.-Kyle-Deveaux-.FlixAppTests";
				PRODUCT_NAME = "$(TARGET_NAME)";
				SWIFT_EMIT_LOC_STRINGS = NO;
				SWIFT_VERSION = 5.0;
				TARGETED_DEVICE_FAMILY = "1,2";
				TEST_HOST = "$(BUILT_PRODUCTS_DIR)/FlixApp.app/FlixApp";
			};
			name = Debug;
		};
		190A646228C7BD9400BC69E2 /* Release */ = {
			isa = XCBuildConfiguration;
			baseConfigurationReference = 3305429D0C9A503F0D112577 /* Pods-FlixAppTests.release.xcconfig */;
			buildSettings = {
				ALWAYS_EMBED_SWIFT_STANDARD_LIBRARIES = YES;
				BUNDLE_LOADER = "$(TEST_HOST)";
				CODE_SIGN_STYLE = Automatic;
				CURRENT_PROJECT_VERSION = 1;
				GENERATE_INFOPLIST_FILE = YES;
				IPHONEOS_DEPLOYMENT_TARGET = 15.2;
				MARKETING_VERSION = 1.0;
				PRODUCT_BUNDLE_IDENTIFIER = "com.-Kyle-Deveaux-.FlixAppTests";
				PRODUCT_NAME = "$(TARGET_NAME)";
				SWIFT_EMIT_LOC_STRINGS = NO;
				SWIFT_VERSION = 5.0;
				TARGETED_DEVICE_FAMILY = "1,2";
				TEST_HOST = "$(BUILT_PRODUCTS_DIR)/FlixApp.app/FlixApp";
			};
			name = Release;
		};
		190A646428C7BD9400BC69E2 /* Debug */ = {
			isa = XCBuildConfiguration;
			baseConfigurationReference = ABCDCC53CE141A5EEE55E310 /* Pods-FlixApp-FlixAppUITests.debug.xcconfig */;
			buildSettings = {
				ALWAYS_EMBED_SWIFT_STANDARD_LIBRARIES = YES;
				CODE_SIGN_STYLE = Automatic;
				CURRENT_PROJECT_VERSION = 1;
				GENERATE_INFOPLIST_FILE = YES;
				MARKETING_VERSION = 1.0;
				PRODUCT_BUNDLE_IDENTIFIER = "com.-Kyle-Deveaux-.FlixAppUITests";
				PRODUCT_NAME = "$(TARGET_NAME)";
				SWIFT_EMIT_LOC_STRINGS = NO;
				SWIFT_VERSION = 5.0;
				TARGETED_DEVICE_FAMILY = "1,2";
				TEST_TARGET_NAME = FlixApp;
			};
			name = Debug;
		};
		190A646528C7BD9400BC69E2 /* Release */ = {
			isa = XCBuildConfiguration;
			baseConfigurationReference = D4DBA96C0A596826C90F998D /* Pods-FlixApp-FlixAppUITests.release.xcconfig */;
			buildSettings = {
				ALWAYS_EMBED_SWIFT_STANDARD_LIBRARIES = YES;
				CODE_SIGN_STYLE = Automatic;
				CURRENT_PROJECT_VERSION = 1;
				GENERATE_INFOPLIST_FILE = YES;
				MARKETING_VERSION = 1.0;
				PRODUCT_BUNDLE_IDENTIFIER = "com.-Kyle-Deveaux-.FlixAppUITests";
				PRODUCT_NAME = "$(TARGET_NAME)";
				SWIFT_EMIT_LOC_STRINGS = NO;
				SWIFT_VERSION = 5.0;
				TARGETED_DEVICE_FAMILY = "1,2";
				TEST_TARGET_NAME = FlixApp;
			};
			name = Release;
		};
/* End XCBuildConfiguration section */

/* Begin XCConfigurationList section */
		190A642E28C7BD9300BC69E2 /* Build configuration list for PBXProject "FlixApp" */ = {
			isa = XCConfigurationList;
			buildConfigurations = (
				190A645B28C7BD9400BC69E2 /* Debug */,
				190A645C28C7BD9400BC69E2 /* Release */,
			);
			defaultConfigurationIsVisible = 0;
			defaultConfigurationName = Release;
		};
		190A645D28C7BD9400BC69E2 /* Build configuration list for PBXNativeTarget "FlixApp" */ = {
			isa = XCConfigurationList;
			buildConfigurations = (
				190A645E28C7BD9400BC69E2 /* Debug */,
				190A645F28C7BD9400BC69E2 /* Release */,
			);
			defaultConfigurationIsVisible = 0;
			defaultConfigurationName = Release;
		};
		190A646028C7BD9400BC69E2 /* Build configuration list for PBXNativeTarget "FlixAppTests" */ = {
			isa = XCConfigurationList;
			buildConfigurations = (
				190A646128C7BD9400BC69E2 /* Debug */,
				190A646228C7BD9400BC69E2 /* Release */,
			);
			defaultConfigurationIsVisible = 0;
			defaultConfigurationName = Release;
		};
		190A646328C7BD9400BC69E2 /* Build configuration list for PBXNativeTarget "FlixAppUITests" */ = {
			isa = XCConfigurationList;
			buildConfigurations = (
				190A646428C7BD9400BC69E2 /* Debug */,
				190A646528C7BD9400BC69E2 /* Release */,
			);
			defaultConfigurationIsVisible = 0;
			defaultConfigurationName = Release;
		};
/* End XCConfigurationList section */

/* Begin XCRemoteSwiftPackageReference section */
		190A646828C7E9A700BC69E2 /* XCRemoteSwiftPackageReference "AlamofireImage" */ = {
			isa = XCRemoteSwiftPackageReference;
			repositoryURL = "https://github.com/Alamofire/AlamofireImage";
			requirement = {
				kind = upToNextMajorVersion;
				minimumVersion = 4.0.0;
			};
		};
/* End XCRemoteSwiftPackageReference section */

/* Begin XCSwiftPackageProductDependency section */
		190A646928C7E9A700BC69E2 /* AlamofireImage */ = {
			isa = XCSwiftPackageProductDependency;
			package = 190A646828C7E9A700BC69E2 /* XCRemoteSwiftPackageReference "AlamofireImage" */;
			productName = AlamofireImage;
		};
/* End XCSwiftPackageProductDependency section */
	};
	rootObject = 190A642B28C7BD9300BC69E2 /* Project object */;
}
